
Microsoft Visual Studio Solution File, Format Version 12.00
Project("{FAE04EC0-301F-11D3-BF4B-00C04F79EFBC}") = "SSItemPricer", "SSItemPricer\SSItemPricer.csproj", "{359C40B1-C57A-416C-8D75-B17304DB34EA}"
EndProject
Global
	GlobalSection(SolutionConfigurationPlatforms) = preSolution
		Debug|Any CPU = Debug|Any CPU
		Release|Any CPU = Release|Any CPU
	EndGlobalSection
	GlobalSection(ProjectConfigurationPlatforms) = postSolution
		{359C40B1-C57A-416C-8D75-B17304DB34EA}.Debug|Any CPU.ActiveCfg = Debug|Any CPU
		{359C40B1-C57A-416C-8D75-B17304DB34EA}.Debug|Any CPU.Build.0 = Debug|Any CPU
		{359C40B1-C57A-416C-8D75-B17304DB34EA}.Release|Any CPU.ActiveCfg = Release|Any CPU
		{359C40B1-C57A-416C-8D75-B17304DB34EA}.Release|Any CPU.Build.0 = Release|Any CPU
	EndGlobalSection
EndGlobal
